
Microsoft Visual Studio Solution File, Format Version 12.00
# Visual Studio Version 16
VisualStudioVersion = 16.0.32106.194
MinimumVisualStudioVersion = 10.0.40219.1
Project("{FAE04EC0-301F-11D3-BF4B-00C04F79EFBC}") = "StringsAndArrays", "StringsAndArrays\StringsAndArrays.csproj", "{97896ADA-FBE8-472A-9BB0-939EAB4D33A7}"
EndProject
Project("{FAE04EC0-301F-11D3-BF4B-00C04F79EFBC}") = "FirstOrLast", "FirstOrLast\FirstOrLast.csproj", "{B1118B95-73E3-49EF-89D9-58BC499B7E50}"
EndProject
Project("{FAE04EC0-301F-11D3-BF4B-00C04F79EFBC}") = "ACharacterCounter", "ACharacterCounter\ACharacterCounter.csproj", "{76DB4AF7-0D91-467E-8C38-ABE8DA188C6B}"
EndProject
Project("{FAE04EC0-301F-11D3-BF4B-00C04F79EFBC}") = "HOLCounter", "HOLCounter\HOLCounter.csproj", "{539FD803-FD54-436D-91DB-32FFB1119614}"
EndProject
Project("{FAE04EC0-301F-11D3-BF4B-00C04F79EFBC}") = "StringReverse", "StringReverse\StringReverse.csproj", "{D8A11925-FD7F-4AB3-BC0D-1E11E2352D7C}"
EndProject
Project("{FAE04EC0-301F-11D3-BF4B-00C04F79EFBC}") = "HelloWorldReversed", "HelloWorldReversed\HelloWorldReversed.csproj", "{358C6486-6ED4-44CE-B2D4-66E6604360AE}"
EndProject
Project("{FAE04EC0-301F-11D3-BF4B-00C04F79EFBC}") = "StringReplace", "StringReplace\StringReplace.csproj", "{51ED90C1-2D13-4BC0-92A7-A8A96BA6683A}"
EndProject
Project("{FAE04EC0-301F-11D3-BF4B-00C04F79EFBC}") = "DontPanic", "DontPanic\DontPanic.csproj", "{8A721A10-D90B-4DF5-9EDB-082C5A5D26D0}"
EndProject
Project("{FAE04EC0-301F-11D3-BF4B-00C04F79EFBC}") = "FruitArray", "FruitArray\FruitArray.csproj", "{05B620DF-9E88-4063-A171-D2D0963B1EF0}"
EndProject
Project("{FAE04EC0-301F-11D3-BF4B-00C04F79EFBC}") = "FortuneTeller", "FortuneTeller\FortuneTeller.csproj", "{DF102BDF-D5A6-48F1-8AE6-28D9F6F36E14}"
EndProject
Global
	GlobalSection(SolutionConfigurationPlatforms) = preSolution
		Debug|Any CPU = Debug|Any CPU
		Release|Any CPU = Release|Any CPU
	EndGlobalSection
	GlobalSection(ProjectConfigurationPlatforms) = postSolution
		{97896ADA-FBE8-472A-9BB0-939EAB4D33A7}.Debug|Any CPU.ActiveCfg = Debug|Any CPU
		{97896ADA-FBE8-472A-9BB0-939EAB4D33A7}.Debug|Any CPU.Build.0 = Debug|Any CPU
		{97896ADA-FBE8-472A-9BB0-939EAB4D33A7}.Release|Any CPU.ActiveCfg = Release|Any CPU
		{97896ADA-FBE8-472A-9BB0-939EAB4D33A7}.Release|Any CPU.Build.0 = Release|Any CPU
		{B1118B95-73E3-49EF-89D9-58BC499B7E50}.Debug|Any CPU.ActiveCfg = Debug|Any CPU
		{B1118B95-73E3-49EF-89D9-58BC499B7E50}.Debug|Any CPU.Build.0 = Debug|Any CPU
		{B1118B95-73E3-49EF-89D9-58BC499B7E50}.Release|Any CPU.ActiveCfg = Release|Any CPU
		{B1118B95-73E3-49EF-89D9-58BC499B7E50}.Release|Any CPU.Build.0 = Release|Any CPU
		{76DB4AF7-0D91-467E-8C38-ABE8DA188C6B}.Debug|Any CPU.ActiveCfg = Debug|Any CPU
		{76DB4AF7-0D91-467E-8C38-ABE8DA188C6B}.Debug|Any CPU.Build.0 = Debug|Any CPU
		{76DB4AF7-0D91-467E-8C38-ABE8DA188C6B}.Release|Any CPU.ActiveCfg = Release|Any CPU
		{76DB4AF7-0D91-467E-8C38-ABE8DA188C6B}.Release|Any CPU.Build.0 = Release|Any CPU
		{539FD803-FD54-436D-91DB-32FFB1119614}.Debug|Any CPU.ActiveCfg = Debug|Any CPU
		{539FD803-FD54-436D-91DB-32FFB1119614}.Debug|Any CPU.Build.0 = Debug|Any CPU
		{539FD803-FD54-436D-91DB-32FFB1119614}.Release|Any CPU.ActiveCfg = Release|Any CPU
		{539FD803-FD54-436D-91DB-32FFB1119614}.Release|Any CPU.Build.0 = Release|Any CPU
		{D8A11925-FD7F-4AB3-BC0D-1E11E2352D7C}.Debug|Any CPU.ActiveCfg = Debug|Any CPU
		{D8A11925-FD7F-4AB3-BC0D-1E11E2352D7C}.Debug|Any CPU.Build.0 = Debug|Any CPU
		{D8A11925-FD7F-4AB3-BC0D-1E11E2352D7C}.Release|Any CPU.ActiveCfg = Release|Any CPU
		{D8A11925-FD7F-4AB3-BC0D-1E11E2352D7C}.Release|Any CPU.Build.0 = Release|Any CPU
		{358C6486-6ED4-44CE-B2D4-66E6604360AE}.Debug|Any CPU.ActiveCfg = Debug|Any CPU
		{358C6486-6ED4-44CE-B2D4-66E6604360AE}.Debug|Any CPU.Build.0 = Debug|Any CPU
		{358C6486-6ED4-44CE-B2D4-66E6604360AE}.Release|Any CPU.ActiveCfg = Release|Any CPU
		{358C6486-6ED4-44CE-B2D4-66E6604360AE}.Release|Any CPU.Build.0 = Release|Any CPU
		{51ED90C1-2D13-4BC0-92A7-A8A96BA6683A}.Debug|Any CPU.ActiveCfg = Debug|Any CPU
		{51ED90C1-2D13-4BC0-92A7-A8A96BA6683A}.Debug|Any CPU.Build.0 = Debug|Any CPU
		{51ED90C1-2D13-4BC0-92A7-A8A96BA6683A}.Release|Any CPU.ActiveCfg = Release|Any CPU
		{51ED90C1-2D13-4BC0-92A7-A8A96BA6683A}.Release|Any CPU.Build.0 = Release|Any CPU
		{8A721A10-D90B-4DF5-9EDB-082C5A5D26D0}.Debug|Any CPU.ActiveCfg = Debug|Any CPU
		{8A721A10-D90B-4DF5-9EDB-082C5A5D26D0}.Debug|Any CPU.Build.0 = Debug|Any CPU
		{8A721A10-D90B-4DF5-9EDB-082C5A5D26D0}.Release|Any CPU.ActiveCfg = Release|Any CPU
		{8A721A10-D90B-4DF5-9EDB-082C5A5D26D0}.Release|Any CPU.Build.0 = Release|Any CPU
		{05B620DF-9E88-4063-A171-D2D0963B1EF0}.Debug|Any CPU.ActiveCfg = Debug|Any CPU
		{05B620DF-9E88-4063-A171-D2D0963B1EF0}.Debug|Any CPU.Build.0 = Debug|Any CPU
		{05B620DF-9E88-4063-A171-D2D0963B1EF0}.Release|Any CPU.ActiveCfg = Release|Any CPU
		{05B620DF-9E88-4063-A171-D2D0963B1EF0}.Release|Any CPU.Build.0 = Release|Any CPU
		{DF102BDF-D5A6-48F1-8AE6-28D9F6F36E14}.Debug|Any CPU.ActiveCfg = Debug|Any CPU
		{DF102BDF-D5A6-48F1-8AE6-28D9F6F36E14}.Debug|Any CPU.Build.0 = Debug|Any CPU
		{DF102BDF-D5A6-48F1-8AE6-28D9F6F36E14}.Release|Any CPU.ActiveCfg = Release|Any CPU
		{DF102BDF-D5A6-48F1-8AE6-28D9F6F36E14}.Release|Any CPU.Build.0 = Release|Any CPU
	EndGlobalSection
	GlobalSection(SolutionProperties) = preSolution
		HideSolutionNode = FALSE
	EndGlobalSection
	GlobalSection(ExtensibilityGlobals) = postSolution
		SolutionGuid = {565A78FA-EFEC-4FC4-99BC-42FE9348FF90}
	EndGlobalSection
EndGlobal
